<?xml version="1.0" encoding="UTF-8"?>
<Scheme
   version = "1.3">
   <BuildAction>
      <BuildActionEntries>
         <BuildActionEntry
            buildForRunning = "YES">
            <BuildableReference
               BuildableIdentifier = "primary"
               BlueprintIdentifier = "94744BFF29E6F4130077C7AE"
               BuildableName = "RickAndMorty.app"
               BlueprintName = "RickAndMorty"
               ReferencedContainer = "container:RickAndMorty.xcodeproj">
            </BuildableReference>
         </BuildActionEntry>
      </BuildActionEntries>
   </BuildAction>
   <LaunchAction
      useCustomWorkingDirectory = "NO"
      buildConfiguration = "Debug"
      allowLocationSimulation = "YES">
      <BuildableProductRunnable>
         <BuildableReference
            BuildableIdentifier = "primary"
            BlueprintIdentifier = "94744BFF29E6F4130077C7AE"
            BuildableName = "RickAndMorty.app"
            BlueprintName = "RickAndMorty"
            ReferencedContainer = "container:RickAndMorty.xcodeproj">
         </BuildableReference>
      </BuildableProductRunnable>
   </LaunchAction>
</Scheme>
