// !$*UTF8*$!
{
	archiveVersion = 1;
	classes = {
	};
	objectVersion = 56;
	objects = {

/* Begin PBXBuildFile section */
		94744C0429E6F4130077C7AE /* AppDelegate.swift in Sources */ = {isa = PBXBuildFile; fileRef = 94744C0329E6F4130077C7AE /* AppDelegate.swift */; };
		94744C0629E6F4130077C7AE /* SceneDelegate.swift in Sources */ = {isa = PBXBuildFile; fileRef = 94744C0529E6F4130077C7AE /* SceneDelegate.swift */; };
		94744C0829E6F4130077C7AE /* RMTabViewController.swift in Sources */ = {isa = PBXBuildFile; fileRef = 94744C0729E6F4130077C7AE /* RMTabViewController.swift */; };
		94744C0D29E6F4140077C7AE /* Assets.xcassets in Resources */ = {isa = PBXBuildFile; fileRef = 94744C0C29E6F4140077C7AE /* Assets.xcassets */; };
		94744C1029E6F4140077C7AE /* LaunchScreen.storyboard in Resources */ = {isa = PBXBuildFile; fileRef = 94744C0E29E6F4140077C7AE /* LaunchScreen.storyboard */; };
		94744C2029E6F92F0077C7AE /* RMLocation.swift in Sources */ = {isa = PBXBuildFile; fileRef = 94744C1F29E6F92F0077C7AE /* RMLocation.swift */; };
		94744C2229E6F94A0077C7AE /* RMCharacter.swift in Sources */ = {isa = PBXBuildFile; fileRef = 94744C2129E6F94A0077C7AE /* RMCharacter.swift */; };
		94744C2429E6F9680077C7AE /* RMEpisode.swift in Sources */ = {isa = PBXBuildFile; fileRef = 94744C2329E6F9680077C7AE /* RMEpisode.swift */; };
		94744C2729E6FAA60077C7AE /* RMCharacterViewController.swift in Sources */ = {isa = PBXBuildFile; fileRef = 94744C2629E6FAA60077C7AE /* RMCharacterViewController.swift */; };
		94744C2929E6FAC10077C7AE /* RMLocationViewController.swift in Sources */ = {isa = PBXBuildFile; fileRef = 94744C2829E6FAC10077C7AE /* RMLocationViewController.swift */; };
		94744C2B29E6FAD70077C7AE /* EpisodeViewController.swift in Sources */ = {isa = PBXBuildFile; fileRef = 94744C2A29E6FAD70077C7AE /* EpisodeViewController.swift */; };
		94744C2D29E6FAE80077C7AE /* RMSettingsViewController.swift in Sources */ = {isa = PBXBuildFile; fileRef = 94744C2C29E6FAE80077C7AE /* RMSettingsViewController.swift */; };
		C0FF7505F5CAB8CC93DCE2DF /* RMSingleLocation.swift in Sources */ = {isa = PBXBuildFile; fileRef = C0FF76B60E004E7246580580 /* RMSingleLocation.swift */; };
		C0FF75250FE793DA4B255408 /* RMService.swift in Sources */ = {isa = PBXBuildFile; fileRef = C0FF72851EA1FD8A742528F4 /* RMService.swift */; };
		C0FF78EA4D56AEC996947CA8 /* RMOrigin.swift in Sources */ = {isa = PBXBuildFile; fileRef = C0FF7B2C47FFC7F5AA5C1F84 /* RMOrigin.swift */; };
		C0FF79578CEDF93A0CA4F8AC /* RMEndpoint.swift in Sources */ = {isa = PBXBuildFile; fileRef = C0FF77A05565190A538CEFA5 /* RMEndpoint.swift */; };
		C0FF798041E45D72C5DE43AF /* RMRequest.swift in Sources */ = {isa = PBXBuildFile; fileRef = C0FF790E3E4C550D31CC6D07 /* RMRequest.swift */; };
		C0FF7CEFB1C5A93AC99282DB /* RMCharacterGender.swift in Sources */ = {isa = PBXBuildFile; fileRef = C0FF7F665A669E8E1DB6BF5D /* RMCharacterGender.swift */; };
		C0FF7F52DCC78CCF1238EF1D /* RMCharacterStatus.swift in Sources */ = {isa = PBXBuildFile; fileRef = C0FF75279FB7824E05459516 /* RMCharacterStatus.swift */; };
/* End PBXBuildFile section */

/* Begin PBXFileReference section */
		94744C0029E6F4130077C7AE /* RickAndMorty.app */ = {isa = PBXFileReference; explicitFileType = wrapper.application; includeInIndex = 0; path = RickAndMorty.app; sourceTree = BUILT_PRODUCTS_DIR; };
		94744C0329E6F4130077C7AE /* AppDelegate.swift */ = {isa = PBXFileReference; lastKnownFileType = sourcecode.swift; path = AppDelegate.swift; sourceTree = "<group>"; };
		94744C0529E6F4130077C7AE /* SceneDelegate.swift */ = {isa = PBXFileReference; lastKnownFileType = sourcecode.swift; path = SceneDelegate.swift; sourceTree = "<group>"; };
		94744C0729E6F4130077C7AE /* RMTabViewController.swift */ = {isa = PBXFileReference; lastKnownFileType = sourcecode.swift; path = RMTabViewController.swift; sourceTree = "<group>"; };
		94744C0C29E6F4140077C7AE /* Assets.xcassets */ = {isa = PBXFileReference; lastKnownFileType = folder.assetcatalog; path = Assets.xcassets; sourceTree = "<group>"; };
		94744C0F29E6F4140077C7AE /* Base */ = {isa = PBXFileReference; lastKnownFileType = file.storyboard; name = Base; path = Base.lproj/LaunchScreen.storyboard; sourceTree = "<group>"; };
		94744C1129E6F4140077C7AE /* Info.plist */ = {isa = PBXFileReference; lastKnownFileType = text.plist.xml; path = Info.plist; sourceTree = "<group>"; };
		94744C1F29E6F92F0077C7AE /* RMLocation.swift */ = {isa = PBXFileReference; lastKnownFileType = sourcecode.swift; path = RMLocation.swift; sourceTree = "<group>"; };
		94744C2129E6F94A0077C7AE /* RMCharacter.swift */ = {isa = PBXFileReference; lastKnownFileType = sourcecode.swift; path = RMCharacter.swift; sourceTree = "<group>"; };
		94744C2329E6F9680077C7AE /* RMEpisode.swift */ = {isa = PBXFileReference; lastKnownFileType = sourcecode.swift; path = RMEpisode.swift; sourceTree = "<group>"; };
		94744C2629E6FAA60077C7AE /* RMCharacterViewController.swift */ = {isa = PBXFileReference; lastKnownFileType = sourcecode.swift; path = RMCharacterViewController.swift; sourceTree = "<group>"; };
		94744C2829E6FAC10077C7AE /* RMLocationViewController.swift */ = {isa = PBXFileReference; lastKnownFileType = sourcecode.swift; path = RMLocationViewController.swift; sourceTree = "<group>"; };
		94744C2A29E6FAD70077C7AE /* EpisodeViewController.swift */ = {isa = PBXFileReference; lastKnownFileType = sourcecode.swift; path = EpisodeViewController.swift; sourceTree = "<group>"; };
		94744C2C29E6FAE80077C7AE /* RMSettingsViewController.swift */ = {isa = PBXFileReference; lastKnownFileType = sourcecode.swift; path = RMSettingsViewController.swift; sourceTree = "<group>"; };
		C0FF72851EA1FD8A742528F4 /* RMService.swift */ = {isa = PBXFileReference; fileEncoding = 4; lastKnownFileType = sourcecode.swift; path = RMService.swift; sourceTree = "<group>"; };
		C0FF75279FB7824E05459516 /* RMCharacterStatus.swift */ = {isa = PBXFileReference; fileEncoding = 4; lastKnownFileType = sourcecode.swift; path = RMCharacterStatus.swift; sourceTree = "<group>"; };
		C0FF76B60E004E7246580580 /* RMSingleLocation.swift */ = {isa = PBXFileReference; fileEncoding = 4; lastKnownFileType = sourcecode.swift; path = RMSingleLocation.swift; sourceTree = "<group>"; };
		C0FF77A05565190A538CEFA5 /* RMEndpoint.swift */ = {isa = PBXFileReference; fileEncoding = 4; lastKnownFileType = sourcecode.swift; path = RMEndpoint.swift; sourceTree = "<group>"; };
		C0FF790E3E4C550D31CC6D07 /* RMRequest.swift */ = {isa = PBXFileReference; fileEncoding = 4; lastKnownFileType = sourcecode.swift; path = RMRequest.swift; sourceTree = "<group>"; };
		C0FF7B2C47FFC7F5AA5C1F84 /* RMOrigin.swift */ = {isa = PBXFileReference; fileEncoding = 4; lastKnownFileType = sourcecode.swift; path = RMOrigin.swift; sourceTree = "<group>"; };
		C0FF7F665A669E8E1DB6BF5D /* RMCharacterGender.swift */ = {isa = PBXFileReference; fileEncoding = 4; lastKnownFileType = sourcecode.swift; path = RMCharacterGender.swift; sourceTree = "<group>"; };
/* End PBXFileReference section */

/* Begin PBXFrameworksBuildPhase section */
		94744BFD29E6F4130077C7AE /* Frameworks */ = {
			isa = PBXFrameworksBuildPhase;
			buildActionMask = 2147483647;
			files = (
			);
			runOnlyForDeploymentPostprocessing = 0;
		};
/* End PBXFrameworksBuildPhase section */

/* Begin PBXGroup section */
		94744BF729E6F4130077C7AE = {
			isa = PBXGroup;
			children = (
				94744C0229E6F4130077C7AE /* RickAndMorty */,
				94744C0129E6F4130077C7AE /* Products */,
			);
			sourceTree = "<group>";
		};
		94744C0129E6F4130077C7AE /* Products */ = {
			isa = PBXGroup;
			children = (
				94744C0029E6F4130077C7AE /* RickAndMorty.app */,
			);
			name = Products;
			sourceTree = "<group>";
		};
		94744C0229E6F4130077C7AE /* RickAndMorty */ = {
			isa = PBXGroup;
			children = (
				94744C1E29E6F8610077C7AE /* Resources */,
				94744C1C29E6F8190077C7AE /* Managers */,
				94744C1D29E6F82D0077C7AE /* APIClient */,
				94744C1A29E6F7EF0077C7AE /* ViewModels */,
				94744C1929E6F7E60077C7AE /* Views */,
				94744C1829E6F7DE0077C7AE /* Models */,
				94744C1729E6F7B70077C7AE /* Controllers */,
				94744C1129E6F4140077C7AE /* Info.plist */,
			);
			path = RickAndMorty;
			sourceTree = "<group>";
		};
		94744C1729E6F7B70077C7AE /* Controllers */ = {
			isa = PBXGroup;
			children = (
				94744C2529E6FA540077C7AE /* Core */,
			);
			path = Controllers;
			sourceTree = "<group>";
		};
		94744C1829E6F7DE0077C7AE /* Models */ = {
			isa = PBXGroup;
			children = (
				94744C1F29E6F92F0077C7AE /* RMLocation.swift */,
				94744C2129E6F94A0077C7AE /* RMCharacter.swift */,
				94744C2329E6F9680077C7AE /* RMEpisode.swift */,
				C0FF7B2C47FFC7F5AA5C1F84 /* RMOrigin.swift */,
				C0FF76B60E004E7246580580 /* RMSingleLocation.swift */,
				C0FF746D97377FA9E4694092 /* Enums */,
			);
			path = Models;
			sourceTree = "<group>";
		};
		94744C1929E6F7E60077C7AE /* Views */ = {
			isa = PBXGroup;
			children = (
			);
			path = Views;
			sourceTree = "<group>";
		};
		94744C1A29E6F7EF0077C7AE /* ViewModels */ = {
			isa = PBXGroup;
			children = (
			);
			path = ViewModels;
			sourceTree = "<group>";
		};
		94744C1C29E6F8190077C7AE /* Managers */ = {
			isa = PBXGroup;
			children = (
			);
			path = Managers;
			sourceTree = "<group>";
		};
		94744C1D29E6F82D0077C7AE /* APIClient */ = {
			isa = PBXGroup;
			children = (
				C0FF72851EA1FD8A742528F4 /* RMService.swift */,
				C0FF790E3E4C550D31CC6D07 /* RMRequest.swift */,
				C0FF77A05565190A538CEFA5 /* RMEndpoint.swift */,
			);
			path = APIClient;
			sourceTree = "<group>";
		};
		94744C1E29E6F8610077C7AE /* Resources */ = {
			isa = PBXGroup;
			children = (
				94744C0C29E6F4140077C7AE /* Assets.xcassets */,
				94744C0E29E6F4140077C7AE /* LaunchScreen.storyboard */,
				94744C0329E6F4130077C7AE /* AppDelegate.swift */,
				94744C0529E6F4130077C7AE /* SceneDelegate.swift */,
			);
			path = Resources;
			sourceTree = "<group>";
		};
		94744C2529E6FA540077C7AE /* Core */ = {
			isa = PBXGroup;
			children = (
				94744C0729E6F4130077C7AE /* RMTabViewController.swift */,
				94744C2629E6FAA60077C7AE /* RMCharacterViewController.swift */,
				94744C2829E6FAC10077C7AE /* RMLocationViewController.swift */,
				94744C2A29E6FAD70077C7AE /* EpisodeViewController.swift */,
				94744C2C29E6FAE80077C7AE /* RMSettingsViewController.swift */,
			);
			path = Core;
			sourceTree = "<group>";
		};
		C0FF746D97377FA9E4694092 /* Enums */ = {
			isa = PBXGroup;
			children = (
				C0FF75279FB7824E05459516 /* RMCharacterStatus.swift */,
				C0FF7F665A669E8E1DB6BF5D /* RMCharacterGender.swift */,
			);
			path = Enums;
			sourceTree = "<group>";
		};
/* End PBXGroup section */

/* Begin PBXNativeTarget section */
		94744BFF29E6F4130077C7AE /* RickAndMorty */ = {
			isa = PBXNativeTarget;
			buildConfigurationList = 94744C1429E6F4140077C7AE /* Build configuration list for PBXNativeTarget "RickAndMorty" */;
			buildPhases = (
				94744BFC29E6F4130077C7AE /* Sources */,
				94744BFD29E6F4130077C7AE /* Frameworks */,
				94744BFE29E6F4130077C7AE /* Resources */,
			);
			buildRules = (
			);
			dependencies = (
			);
			name = RickAndMorty;
			productName = RickAndMorty;
			productReference = 94744C0029E6F4130077C7AE /* RickAndMorty.app */;
			productType = "com.apple.product-type.application";
		};
/* End PBXNativeTarget section */

/* Begin PBXProject section */
		94744BF829E6F4130077C7AE /* Project object */ = {
			isa = PBXProject;
			attributes = {
				BuildIndependentTargetsInParallel = 1;
				LastSwiftUpdateCheck = 1430;
				LastUpgradeCheck = 1430;
				TargetAttributes = {
					94744BFF29E6F4130077C7AE = {
						CreatedOnToolsVersion = 14.3;
					};
				};
			};
			buildConfigurationList = 94744BFB29E6F4130077C7AE /* Build configuration list for PBXProject "RickAndMorty" */;
			compatibilityVersion = "Xcode 14.0";
			developmentRegion = en;
			hasScannedForEncodings = 0;
			knownRegions = (
				en,
				Base,
			);
			mainGroup = 94744BF729E6F4130077C7AE;
			productRefGroup = 94744C0129E6F4130077C7AE /* Products */;
			projectDirPath = "";
			projectRoot = "";
			targets = (
				94744BFF29E6F4130077C7AE /* RickAndMorty */,
			);
		};
/* End PBXProject section */

/* Begin PBXResourcesBuildPhase section */
		94744BFE29E6F4130077C7AE /* Resources */ = {
			isa = PBXResourcesBuildPhase;
			buildActionMask = 2147483647;
			files = (
				94744C1029E6F4140077C7AE /* LaunchScreen.storyboard in Resources */,
				94744C0D29E6F4140077C7AE /* Assets.xcassets in Resources */,
			);
			runOnlyForDeploymentPostprocessing = 0;
		};
/* End PBXResourcesBuildPhase section */

/* Begin PBXSourcesBuildPhase section */
		94744BFC29E6F4130077C7AE /* Sources */ = {
			isa = PBXSourcesBuildPhase;
			buildActionMask = 2147483647;
			files = (
				94744C2929E6FAC10077C7AE /* RMLocationViewController.swift in Sources */,
				94744C2B29E6FAD70077C7AE /* EpisodeViewController.swift in Sources */,
				94744C2429E6F9680077C7AE /* RMEpisode.swift in Sources */,
				94744C0829E6F4130077C7AE /* RMTabViewController.swift in Sources */,
				94744C0429E6F4130077C7AE /* AppDelegate.swift in Sources */,
				94744C0629E6F4130077C7AE /* SceneDelegate.swift in Sources */,
				94744C2D29E6FAE80077C7AE /* RMSettingsViewController.swift in Sources */,
				94744C2029E6F92F0077C7AE /* RMLocation.swift in Sources */,
				94744C2229E6F94A0077C7AE /* RMCharacter.swift in Sources */,
				94744C2729E6FAA60077C7AE /* RMCharacterViewController.swift in Sources */,
				C0FF75250FE793DA4B255408 /* RMService.swift in Sources */,
				C0FF798041E45D72C5DE43AF /* RMRequest.swift in Sources */,
				C0FF79578CEDF93A0CA4F8AC /* RMEndpoint.swift in Sources */,
				C0FF78EA4D56AEC996947CA8 /* RMOrigin.swift in Sources */,
				C0FF7505F5CAB8CC93DCE2DF /* RMSingleLocation.swift in Sources */,
				C0FF7F52DCC78CCF1238EF1D /* RMCharacterStatus.swift in Sources */,
				C0FF7CEFB1C5A93AC99282DB /* RMCharacterGender.swift in Sources */,
			);
			runOnlyForDeploymentPostprocessing = 0;
		};
/* End PBXSourcesBuildPhase section */

/* Begin PBXVariantGroup section */
		94744C0E29E6F4140077C7AE /* LaunchScreen.storyboard */ = {
			isa = PBXVariantGroup;
			children = (
				94744C0F29E6F4140077C7AE /* Base */,
			);
			name = LaunchScreen.storyboard;
			sourceTree = "<group>";
		};
/* End PBXVariantGroup section */

/* Begin XCBuildConfiguration section */
		94744C1229E6F4140077C7AE /* Debug */ = {
			isa = XCBuildConfiguration;
			buildSettings = {
				ALWAYS_SEARCH_USER_PATHS = NO;
				CLANG_ANALYZER_NONNULL = YES;
				CLANG_ANALYZER_NUMBER_OBJECT_CONVERSION = YES_AGGRESSIVE;
				CLANG_CXX_LANGUAGE_STANDARD = "gnu++20";
				CLANG_ENABLE_MODULES = YES;
				CLANG_ENABLE_OBJC_ARC = YES;
				CLANG_ENABLE_OBJC_WEAK = YES;
				CLANG_WARN_BLOCK_CAPTURE_AUTORELEASING = YES;
				CLANG_WARN_BOOL_CONVERSION = YES;
				CLANG_WARN_COMMA = YES;
				CLANG_WARN_CONSTANT_CONVERSION = YES;
				CLANG_WARN_DEPRECATED_OBJC_IMPLEMENTATIONS = YES;
				CLANG_WARN_DIRECT_OBJC_ISA_USAGE = YES_ERROR;
				CLANG_WARN_DOCUMENTATION_COMMENTS = YES;
				CLANG_WARN_EMPTY_BODY = YES;
				CLANG_WARN_ENUM_CONVERSION = YES;
				CLANG_WARN_INFINITE_RECURSION = YES;
				CLANG_WARN_INT_CONVERSION = YES;
				CLANG_WARN_NON_LITERAL_NULL_CONVERSION = YES;
				CLANG_WARN_OBJC_IMPLICIT_RETAIN_SELF = YES;
				CLANG_WARN_OBJC_LITERAL_CONVERSION = YES;
				CLANG_WARN_OBJC_ROOT_CLASS = YES_ERROR;
				CLANG_WARN_QUOTED_INCLUDE_IN_FRAMEWORK_HEADER = YES;
				CLANG_WARN_RANGE_LOOP_ANALYSIS = YES;
				CLANG_WARN_STRICT_PROTOTYPES = YES;
				CLANG_WARN_SUSPICIOUS_MOVE = YES;
				CLANG_WARN_UNGUARDED_AVAILABILITY = YES_AGGRESSIVE;
				CLANG_WARN_UNREACHABLE_CODE = YES;
				CLANG_WARN__DUPLICATE_METHOD_MATCH = YES;
				COPY_PHASE_STRIP = NO;
				DEBUG_INFORMATION_FORMAT = dwarf;
				ENABLE_STRICT_OBJC_MSGSEND = YES;
				ENABLE_TESTABILITY = YES;
				GCC_C_LANGUAGE_STANDARD = gnu11;
				GCC_DYNAMIC_NO_PIC = NO;
				GCC_NO_COMMON_BLOCKS = YES;
				GCC_OPTIMIZATION_LEVEL = 0;
				GCC_PREPROCESSOR_DEFINITIONS = (
					"DEBUG=1",
					"$(inherited)",
				);
				GCC_WARN_64_TO_32_BIT_CONVERSION = YES;
				GCC_WARN_ABOUT_RETURN_TYPE = YES_ERROR;
				GCC_WARN_UNDECLARED_SELECTOR = YES;
				GCC_WARN_UNINITIALIZED_AUTOS = YES_AGGRESSIVE;
				GCC_WARN_UNUSED_FUNCTION = YES;
				GCC_WARN_UNUSED_VARIABLE = YES;
				IPHONEOS_DEPLOYMENT_TARGET = 16.4;
				MTL_ENABLE_DEBUG_INFO = INCLUDE_SOURCE;
				MTL_FAST_MATH = YES;
				ONLY_ACTIVE_ARCH = YES;
				SDKROOT = iphoneos;
				SWIFT_ACTIVE_COMPILATION_CONDITIONS = DEBUG;
				SWIFT_OPTIMIZATION_LEVEL = "-Onone";
			};
			name = Debug;
		};
		94744C1329E6F4140077C7AE /* Release */ = {
			isa = XCBuildConfiguration;
			buildSettings = {
				ALWAYS_SEARCH_USER_PATHS = NO;
				CLANG_ANALYZER_NONNULL = YES;
				CLANG_ANALYZER_NUMBER_OBJECT_CONVERSION = YES_AGGRESSIVE;
				CLANG_CXX_LANGUAGE_STANDARD = "gnu++20";
				CLANG_ENABLE_MODULES = YES;
				CLANG_ENABLE_OBJC_ARC = YES;
				CLANG_ENABLE_OBJC_WEAK = YES;
				CLANG_WARN_BLOCK_CAPTURE_AUTORELEASING = YES;
				CLANG_WARN_BOOL_CONVERSION = YES;
				CLANG_WARN_COMMA = YES;
				CLANG_WARN_CONSTANT_CONVERSION = YES;
				CLANG_WARN_DEPRECATED_OBJC_IMPLEMENTATIONS = YES;
				CLANG_WARN_DIRECT_OBJC_ISA_USAGE = YES_ERROR;
				CLANG_WARN_DOCUMENTATION_COMMENTS = YES;
				CLANG_WARN_EMPTY_BODY = YES;
				CLANG_WARN_ENUM_CONVERSION = YES;
				CLANG_WARN_INFINITE_RECURSION = YES;
				CLANG_WARN_INT_CONVERSION = YES;
				CLANG_WARN_NON_LITERAL_NULL_CONVERSION = YES;
				CLANG_WARN_OBJC_IMPLICIT_RETAIN_SELF = YES;
				CLANG_WARN_OBJC_LITERAL_CONVERSION = YES;
				CLANG_WARN_OBJC_ROOT_CLASS = YES_ERROR;
				CLANG_WARN_QUOTED_INCLUDE_IN_FRAMEWORK_HEADER = YES;
				CLANG_WARN_RANGE_LOOP_ANALYSIS = YES;
				CLANG_WARN_STRICT_PROTOTYPES = YES;
				CLANG_WARN_SUSPICIOUS_MOVE = YES;
				CLANG_WARN_UNGUARDED_AVAILABILITY = YES_AGGRESSIVE;
				CLANG_WARN_UNREACHABLE_CODE = YES;
				CLANG_WARN__DUPLICATE_METHOD_MATCH = YES;
				COPY_PHASE_STRIP = NO;
				DEBUG_INFORMATION_FORMAT = "dwarf-with-dsym";
				ENABLE_NS_ASSERTIONS = NO;
				ENABLE_STRICT_OBJC_MSGSEND = YES;
				GCC_C_LANGUAGE_STANDARD = gnu11;
				GCC_NO_COMMON_BLOCKS = YES;
				GCC_WARN_64_TO_32_BIT_CONVERSION = YES;
				GCC_WARN_ABOUT_RETURN_TYPE = YES_ERROR;
				GCC_WARN_UNDECLARED_SELECTOR = YES;
				GCC_WARN_UNINITIALIZED_AUTOS = YES_AGGRESSIVE;
				GCC_WARN_UNUSED_FUNCTION = YES;
				GCC_WARN_UNUSED_VARIABLE = YES;
				IPHONEOS_DEPLOYMENT_TARGET = 16.4;
				MTL_ENABLE_DEBUG_INFO = NO;
				MTL_FAST_MATH = YES;
				SDKROOT = iphoneos;
				SWIFT_COMPILATION_MODE = wholemodule;
				SWIFT_OPTIMIZATION_LEVEL = "-O";
				VALIDATE_PRODUCT = YES;
			};
			name = Release;
		};
		94744C1529E6F4140077C7AE /* Debug */ = {
			isa = XCBuildConfiguration;
			buildSettings = {
				ASSETCATALOG_COMPILER_APPICON_NAME = AppIcon;
				ASSETCATALOG_COMPILER_GLOBAL_ACCENT_COLOR_NAME = AccentColor;
				CODE_SIGN_STYLE = Automatic;
				CURRENT_PROJECT_VERSION = 1;
				DEVELOPMENT_TEAM = 3H8W7UN898;
				GENERATE_INFOPLIST_FILE = YES;
				INFOPLIST_FILE = RickAndMorty/Info.plist;
				INFOPLIST_KEY_UIApplicationSupportsIndirectInputEvents = YES;
				INFOPLIST_KEY_UILaunchStoryboardName = LaunchScreen;
				INFOPLIST_KEY_UISupportedInterfaceOrientations_iPad = "UIInterfaceOrientationPortrait UIInterfaceOrientationPortraitUpsideDown UIInterfaceOrientationLandscapeLeft UIInterfaceOrientationLandscapeRight";
				INFOPLIST_KEY_UISupportedInterfaceOrientations_iPhone = "UIInterfaceOrientationPortrait UIInterfaceOrientationLandscapeLeft UIInterfaceOrientationLandscapeRight";
				LD_RUNPATH_SEARCH_PATHS = (
					"$(inherited)",
					"@executable_path/Frameworks",
				);
				MARKETING_VERSION = 1.0;
				PRODUCT_BUNDLE_IDENTIFIER = MuriloDaitxLTDA.RickAndMorty;
				PRODUCT_NAME = "$(TARGET_NAME)";
				SWIFT_EMIT_LOC_STRINGS = YES;
				SWIFT_VERSION = 5.0;
				TARGETED_DEVICE_FAMILY = "1,2";
			};
			name = Debug;
		};
		94744C1629E6F4140077C7AE /* Release */ = {
			isa = XCBuildConfiguration;
			buildSettings = {
				ASSETCATALOG_COMPILER_APPICON_NAME = AppIcon;
				ASSETCATALOG_COMPILER_GLOBAL_ACCENT_COLOR_NAME = AccentColor;
				CODE_SIGN_STYLE = Automatic;
				CURRENT_PROJECT_VERSION = 1;
				DEVELOPMENT_TEAM = 3H8W7UN898;
				GENERATE_INFOPLIST_FILE = YES;
				INFOPLIST_FILE = RickAndMorty/Info.plist;
				INFOPLIST_KEY_UIApplicationSupportsIndirectInputEvents = YES;
				INFOPLIST_KEY_UILaunchStoryboardName = LaunchScreen;
				INFOPLIST_KEY_UISupportedInterfaceOrientations_iPad = "UIInterfaceOrientationPortrait UIInterfaceOrientationPortraitUpsideDown UIInterfaceOrientationLandscapeLeft UIInterfaceOrientationLandscapeRight";
				INFOPLIST_KEY_UISupportedInterfaceOrientations_iPhone = "UIInterfaceOrientationPortrait UIInterfaceOrientationLandscapeLeft UIInterfaceOrientationLandscapeRight";
				LD_RUNPATH_SEARCH_PATHS = (
					"$(inherited)",
					"@executable_path/Frameworks",
				);
				MARKETING_VERSION = 1.0;
				PRODUCT_BUNDLE_IDENTIFIER = MuriloDaitxLTDA.RickAndMorty;
				PRODUCT_NAME = "$(TARGET_NAME)";
				SWIFT_EMIT_LOC_STRINGS = YES;
				SWIFT_VERSION = 5.0;
				TARGETED_DEVICE_FAMILY = "1,2";
			};
			name = Release;
		};
/* End XCBuildConfiguration section */

/* Begin XCConfigurationList section */
		94744BFB29E6F4130077C7AE /* Build configuration list for PBXProject "RickAndMorty" */ = {
			isa = XCConfigurationList;
			buildConfigurations = (
				94744C1229E6F4140077C7AE /* Debug */,
				94744C1329E6F4140077C7AE /* Release */,
			);
			defaultConfigurationIsVisible = 0;
			defaultConfigurationName = Release;
		};
		94744C1429E6F4140077C7AE /* Build configuration list for PBXNativeTarget "RickAndMorty" */ = {
			isa = XCConfigurationList;
			buildConfigurations = (
				94744C1529E6F4140077C7AE /* Debug */,
				94744C1629E6F4140077C7AE /* Release */,
			);
			defaultConfigurationIsVisible = 0;
			defaultConfigurationName = Release;
		};
/* End XCConfigurationList section */
	};
	rootObject = 94744BF829E6F4130077C7AE /* Project object */;
}
